
Microsoft Visual Studio Solution File, Format Version 12.00
# Visual Studio 15
VisualStudioVersion = 15.0.28307.438
MinimumVisualStudioVersion = 10.0.40219.1
Project("{9A19103F-16F7-4668-BE54-9A1E7A4F7556}") = "DevSync", "DevSync\DevSync.csproj", "{432F63D1-8F65-4E35-86E5-7F345FEB7A44}"
	ProjectSection(ProjectDependencies) = postProject
		{C3502AA0-424E-41DF-8F37-11415C2C8FDE} = {C3502AA0-424E-41DF-8F37-11415C2C8FDE}
	EndProjectSection
EndProject
Project("{FAE04EC0-301F-11D3-BF4B-00C04F79EFBC}") = "DevSyncAgent", "DevSyncAgent\DevSyncAgent.csproj", "{C3502AA0-424E-41DF-8F37-11415C2C8FDE}"
EndProject
Project("{FAE04EC0-301F-11D3-BF4B-00C04F79EFBC}") = "DevSyncLib", "DevSyncLib\DevSyncLib.csproj", "{13AE7E94-1CF4-4ECF-B351-C4D994C5FFFE}"
EndProject
Global
	GlobalSection(SolutionConfigurationPlatforms) = preSolution
		Debug|Any CPU = Debug|Any CPU
		Release|Any CPU = Release|Any CPU
	EndGlobalSection
	GlobalSection(ProjectConfigurationPlatforms) = postSolution
		{432F63D1-8F65-4E35-86E5-7F345FEB7A44}.Debug|Any CPU.ActiveCfg = Debug|Any CPU
		{432F63D1-8F65-4E35-86E5-7F345FEB7A44}.Debug|Any CPU.Build.0 = Debug|Any CPU
		{432F63D1-8F65-4E35-86E5-7F345FEB7A44}.Release|Any CPU.ActiveCfg = Release|Any CPU
		{432F63D1-8F65-4E35-86E5-7F345FEB7A44}.Release|Any CPU.Build.0 = Release|Any CPU
		{C3502AA0-424E-41DF-8F37-11415C2C8FDE}.Debug|Any CPU.ActiveCfg = Debug|Any CPU
		{C3502AA0-424E-41DF-8F37-11415C2C8FDE}.Debug|Any CPU.Build.0 = Debug|Any CPU
		{C3502AA0-424E-41DF-8F37-11415C2C8FDE}.Release|Any CPU.ActiveCfg = Release|Any CPU
		{C3502AA0-424E-41DF-8F37-11415C2C8FDE}.Release|Any CPU.Build.0 = Release|Any CPU
		{13AE7E94-1CF4-4ECF-B351-C4D994C5FFFE}.Debug|Any CPU.ActiveCfg = Debug|Any CPU
		{13AE7E94-1CF4-4ECF-B351-C4D994C5FFFE}.Debug|Any CPU.Build.0 = Debug|Any CPU
		{13AE7E94-1CF4-4ECF-B351-C4D994C5FFFE}.Release|Any CPU.ActiveCfg = Release|Any CPU
		{13AE7E94-1CF4-4ECF-B351-C4D994C5FFFE}.Release|Any CPU.Build.0 = Release|Any CPU
	EndGlobalSection
	GlobalSection(SolutionProperties) = preSolution
		HideSolutionNode = FALSE
	EndGlobalSection
	GlobalSection(ExtensibilityGlobals) = postSolution
		SolutionGuid = {5BD6AE70-1D26-400E-94DF-8D4F32A3B06F}
	EndGlobalSection
EndGlobal
